
Microsoft Visual Studio Solution File, Format Version 12.00
# Visual Studio Version 17
VisualStudioVersion = 17.14.36414.22 d17.14
MinimumVisualStudioVersion = 10.0.40219.1
Project("{FAE04EC0-301F-11D3-BF4B-00C04F79EFBC}") = "HerenciaPoo", "HerenciaPoo\HerenciaPoo.csproj", "{D1A741FD-F8D5-419F-B46A-1BA9858A206C}"
EndProject
Global
	GlobalSection(SolutionConfigurationPlatforms) = preSolution
		Debug|Any CPU = Debug|Any CPU
		Release|Any CPU = Release|Any CPU
	EndGlobalSection
	GlobalSection(ProjectConfigurationPlatforms) = postSolution
		{D1A741FD-F8D5-419F-B46A-1BA9858A206C}.Debug|Any CPU.ActiveCfg = Debug|Any CPU
		{D1A741FD-F8D5-419F-B46A-1BA9858A206C}.Debug|Any CPU.Build.0 = Debug|Any CPU
		{D1A741FD-F8D5-419F-B46A-1BA9858A206C}.Release|Any CPU.ActiveCfg = Release|Any CPU
		{D1A741FD-F8D5-419F-B46A-1BA9858A206C}.Release|Any CPU.Build.0 = Release|Any CPU
	EndGlobalSection
	GlobalSection(SolutionProperties) = preSolution
		HideSolutionNode = FALSE
	EndGlobalSection
	GlobalSection(ExtensibilityGlobals) = postSolution
		SolutionGuid = {AA7E06BF-F461-41B2-8C16-D8CA9738392A}
	EndGlobalSection
EndGlobal
