
Microsoft Visual Studio Solution File, Format Version 12.00
# Visual Studio Version 17
VisualStudioVersion = 17.14.36414.22 d17.14
MinimumVisualStudioVersion = 10.0.40219.1
Project("{FAE04EC0-301F-11D3-BF4B-00C04F79EFBC}") = "HerenciaPooGrafica", "HerenciaPooGrafica\HerenciaPooGrafica.csproj", "{01E74641-1D87-484A-8461-8E2D429E1C11}"
EndProject
Global
	GlobalSection(SolutionConfigurationPlatforms) = preSolution
		Debug|Any CPU = Debug|Any CPU
		Release|Any CPU = Release|Any CPU
	EndGlobalSection
	GlobalSection(ProjectConfigurationPlatforms) = postSolution
		{01E74641-1D87-484A-8461-8E2D429E1C11}.Debug|Any CPU.ActiveCfg = Debug|Any CPU
		{01E74641-1D87-484A-8461-8E2D429E1C11}.Debug|Any CPU.Build.0 = Debug|Any CPU
		{01E74641-1D87-484A-8461-8E2D429E1C11}.Release|Any CPU.ActiveCfg = Release|Any CPU
		{01E74641-1D87-484A-8461-8E2D429E1C11}.Release|Any CPU.Build.0 = Release|Any CPU
	EndGlobalSection
	GlobalSection(SolutionProperties) = preSolution
		HideSolutionNode = FALSE
	EndGlobalSection
	GlobalSection(ExtensibilityGlobals) = postSolution
		SolutionGuid = {1F9C9994-7AE7-46AE-B348-C35B0EA17FA6}
	EndGlobalSection
EndGlobal
